
Microsoft Visual Studio Solution File, Format Version 12.00
# Visual Studio Version 16
VisualStudioVersion = 16.0.33927.289
MinimumVisualStudioVersion = 10.0.40219.1
Project("{FAE04EC0-301F-11D3-BF4B-00C04F79EFBC}") = "OceanLayer", "OceanLayer\OceanLayer.csproj", "{23A3B879-24F5-4BE1-B9B9-70DA6AABC1EA}"
EndProject
Project("{FAE04EC0-301F-11D3-BF4B-00C04F79EFBC}") = "InterfaceSRP", "InterfaceSRP\InterfaceSRP.csproj", "{A8370F87-18F5-40CA-A0E3-1518C5662320}"
EndProject
Project("{FAE04EC0-301F-11D3-BF4B-00C04F79EFBC}") = "ModelSRP", "ModelSRP\ModelSRP.csproj", "{49B9B789-EF71-4791-9E62-75D9D322E179}"
EndProject
Project("{FAE04EC0-301F-11D3-BF4B-00C04F79EFBC}") = "ControllerSRP", "ControllerSRP\ControllerSRP.csproj", "{099FB554-FD3F-47A1-89C3-BF29985163E2}"
EndProject
Project("{8BC9CEB8-8B4A-11D0-8D11-00A0C91BC942}") = "CppWrapper", "CppWrapper\CppWrapper.vcxproj", "{DA4E9694-4C6E-452B-A713-56F71F95D926}"
EndProject
Project("{8BC9CEB8-8B4A-11D0-8D11-00A0C91BC942}") = "CppCore", "CppCore\CppCore.vcxproj", "{A9F49A68-BDCB-4DF5-8981-58811551D1FB}"
EndProject
Global
	GlobalSection(SolutionConfigurationPlatforms) = preSolution
		Ocean2021.1-Debug|x64 = Ocean2021.1-Debug|x64
		Ocean2021.1-Release|x64 = Ocean2021.1-Release|x64
		Ocean2022.1-Debug|x64 = Ocean2022.1-Debug|x64
		Ocean2022.1-Release|x64 = Ocean2022.1-Release|x64
	EndGlobalSection
	GlobalSection(ProjectConfigurationPlatforms) = postSolution
		{23A3B879-24F5-4BE1-B9B9-70DA6AABC1EA}.Ocean2021.1-Debug|x64.ActiveCfg = Ocean2021.1-Debug|x64
		{23A3B879-24F5-4BE1-B9B9-70DA6AABC1EA}.Ocean2021.1-Debug|x64.Build.0 = Ocean2021.1-Debug|x64
		{23A3B879-24F5-4BE1-B9B9-70DA6AABC1EA}.Ocean2021.1-Release|x64.ActiveCfg = Ocean2021.1-Release|x64
		{23A3B879-24F5-4BE1-B9B9-70DA6AABC1EA}.Ocean2021.1-Release|x64.Build.0 = Ocean2021.1-Release|x64
		{23A3B879-24F5-4BE1-B9B9-70DA6AABC1EA}.Ocean2022.1-Debug|x64.ActiveCfg = Ocean2022.1-Debug|x64
		{23A3B879-24F5-4BE1-B9B9-70DA6AABC1EA}.Ocean2022.1-Debug|x64.Build.0 = Ocean2022.1-Debug|x64
		{23A3B879-24F5-4BE1-B9B9-70DA6AABC1EA}.Ocean2022.1-Release|x64.ActiveCfg = Ocean2022.1-Release|x64
		{23A3B879-24F5-4BE1-B9B9-70DA6AABC1EA}.Ocean2022.1-Release|x64.Build.0 = Ocean2022.1-Release|x64
		{A8370F87-18F5-40CA-A0E3-1518C5662320}.Ocean2021.1-Debug|x64.ActiveCfg = Ocean2021.1-Debug|x64
		{A8370F87-18F5-40CA-A0E3-1518C5662320}.Ocean2021.1-Debug|x64.Build.0 = Ocean2021.1-Debug|x64
		{A8370F87-18F5-40CA-A0E3-1518C5662320}.Ocean2021.1-Release|x64.ActiveCfg = Ocean2021.1-Release|x64
		{A8370F87-18F5-40CA-A0E3-1518C5662320}.Ocean2021.1-Release|x64.Build.0 = Ocean2021.1-Release|x64
		{A8370F87-18F5-40CA-A0E3-1518C5662320}.Ocean2022.1-Debug|x64.ActiveCfg = Ocean2022.1-Debug|x64
		{A8370F87-18F5-40CA-A0E3-1518C5662320}.Ocean2022.1-Debug|x64.Build.0 = Ocean2022.1-Debug|x64
		{A8370F87-18F5-40CA-A0E3-1518C5662320}.Ocean2022.1-Release|x64.ActiveCfg = Ocean2022.1-Release|x64
		{A8370F87-18F5-40CA-A0E3-1518C5662320}.Ocean2022.1-Release|x64.Build.0 = Ocean2022.1-Release|x64
		{49B9B789-EF71-4791-9E62-75D9D322E179}.Ocean2021.1-Debug|x64.ActiveCfg = Ocean2021.1-Debug|x64
		{49B9B789-EF71-4791-9E62-75D9D322E179}.Ocean2021.1-Debug|x64.Build.0 = Ocean2021.1-Debug|x64
		{49B9B789-EF71-4791-9E62-75D9D322E179}.Ocean2021.1-Release|x64.ActiveCfg = Ocean2021.1-Release|x64
		{49B9B789-EF71-4791-9E62-75D9D322E179}.Ocean2021.1-Release|x64.Build.0 = Ocean2021.1-Release|x64
		{49B9B789-EF71-4791-9E62-75D9D322E179}.Ocean2022.1-Debug|x64.ActiveCfg = Ocean2022.1-Debug|x64
		{49B9B789-EF71-4791-9E62-75D9D322E179}.Ocean2022.1-Debug|x64.Build.0 = Ocean2022.1-Debug|x64
		{49B9B789-EF71-4791-9E62-75D9D322E179}.Ocean2022.1-Release|x64.ActiveCfg = Ocean2022.1-Release|x64
		{49B9B789-EF71-4791-9E62-75D9D322E179}.Ocean2022.1-Release|x64.Build.0 = Ocean2022.1-Release|x64
		{099FB554-FD3F-47A1-89C3-BF29985163E2}.Ocean2021.1-Debug|x64.ActiveCfg = Ocean2021.1-Debug|x64
		{099FB554-FD3F-47A1-89C3-BF29985163E2}.Ocean2021.1-Debug|x64.Build.0 = Ocean2021.1-Debug|x64
		{099FB554-FD3F-47A1-89C3-BF29985163E2}.Ocean2021.1-Release|x64.ActiveCfg = Ocean2021.1-Release|x64
		{099FB554-FD3F-47A1-89C3-BF29985163E2}.Ocean2021.1-Release|x64.Build.0 = Ocean2021.1-Release|x64
		{099FB554-FD3F-47A1-89C3-BF29985163E2}.Ocean2022.1-Debug|x64.ActiveCfg = Ocean2022.1-Debug|x64
		{099FB554-FD3F-47A1-89C3-BF29985163E2}.Ocean2022.1-Debug|x64.Build.0 = Ocean2022.1-Debug|x64
		{099FB554-FD3F-47A1-89C3-BF29985163E2}.Ocean2022.1-Release|x64.ActiveCfg = Ocean2022.1-Release|x64
		{099FB554-FD3F-47A1-89C3-BF29985163E2}.Ocean2022.1-Release|x64.Build.0 = Ocean2022.1-Release|x64
		{DA4E9694-4C6E-452B-A713-56F71F95D926}.Ocean2021.1-Debug|x64.ActiveCfg = Release|x64
		{DA4E9694-4C6E-452B-A713-56F71F95D926}.Ocean2021.1-Debug|x64.Build.0 = Release|x64
		{DA4E9694-4C6E-452B-A713-56F71F95D926}.Ocean2021.1-Release|x64.ActiveCfg = Release|x64
		{DA4E9694-4C6E-452B-A713-56F71F95D926}.Ocean2021.1-Release|x64.Build.0 = Release|x64
		{DA4E9694-4C6E-452B-A713-56F71F95D926}.Ocean2022.1-Debug|x64.ActiveCfg = Debug|x64
		{DA4E9694-4C6E-452B-A713-56F71F95D926}.Ocean2022.1-Debug|x64.Build.0 = Debug|x64
		{DA4E9694-4C6E-452B-A713-56F71F95D926}.Ocean2022.1-Release|x64.ActiveCfg = Release|x64
		{DA4E9694-4C6E-452B-A713-56F71F95D926}.Ocean2022.1-Release|x64.Build.0 = Release|x64
		{A9F49A68-BDCB-4DF5-8981-58811551D1FB}.Ocean2021.1-Debug|x64.ActiveCfg = Release|x64
		{A9F49A68-BDCB-4DF5-8981-58811551D1FB}.Ocean2021.1-Debug|x64.Build.0 = Release|x64
		{A9F49A68-BDCB-4DF5-8981-58811551D1FB}.Ocean2021.1-Release|x64.ActiveCfg = Release|x64
		{A9F49A68-BDCB-4DF5-8981-58811551D1FB}.Ocean2021.1-Release|x64.Build.0 = Release|x64
		{A9F49A68-BDCB-4DF5-8981-58811551D1FB}.Ocean2022.1-Debug|x64.ActiveCfg = Debug|x64
		{A9F49A68-BDCB-4DF5-8981-58811551D1FB}.Ocean2022.1-Debug|x64.Build.0 = Debug|x64
		{A9F49A68-BDCB-4DF5-8981-58811551D1FB}.Ocean2022.1-Release|x64.ActiveCfg = Release|x64
		{A9F49A68-BDCB-4DF5-8981-58811551D1FB}.Ocean2022.1-Release|x64.Build.0 = Release|x64
	EndGlobalSection
	GlobalSection(SolutionProperties) = preSolution
		HideSolutionNode = FALSE
	EndGlobalSection
	GlobalSection(ExtensibilityGlobals) = postSolution
		SolutionGuid = {272F4825-649D-4B06-AE19-3DBC5E8D3251}
	EndGlobalSection
EndGlobal
